# repos.lock — every modus-lisp repo pinned to an exact commit.
#
# Regenerate with:  bin/kiln lock
# Format: <repo>  <branch>  <commit>

brotli-pure     master  e7ba1fc305ca2b735dddfeecd02b7ad6de79de1b
cabinet         master  b1aecf879c61d7eadbdd6e20b87cc4fbdeecc27f
cairn           master  717d7f702d006bee49b457cad2fcec554c8433e2
cassette        master  0108bb609a9a7e2923fff044e3941512694053db
chord           master  8996a54a1fb35f36f53e0748cf4b69777e9f8cab
cl-consensus    master  3cd39f3b3004403b1bbb3389ecc863c88ad07e08
cl-frpc         main    bafe63104cb42ecf4a4008a3d7b866151e51e331
cl-nostr        master  aa1903531cc8f4b49719bd122608857548f08404
cl-tor          master  a034795e9895038ecb5d8b832047286add1f5a28
cl-transport    master  23cd9bcd5aaac6bcb55ed98c165ca398f8d9069c
conch           master  ba2fe9a2ea42d92ce96fa3c3c031c9f420684cbe
cram            master  f878dae6a8302c4c2fae6779816dcdd395328543
dist            main    91df9cd1ca24b5caad4591eddd6121603f1bcd2e
folio           master  f310b5838076b528aafa0b254447e4035c019d3e
gesso           master  6981f2d1fc5c0af7ffd2ea97666387226df08fb0
glass           master  527720ed4c0f52cbbc4b62581394830000eda96c
glass-sdl       master  5a5e0e10cbe49a853d1758576f0cb6af6f86eb61
glass-webrtc    master  4fd701515467951b4fc4692624eec5e2a599d8dc
loom            master  66a1e9195a6fd9db082e429859a1c6b6bbd1329e
mill            master  3a3f8c91688b1738efd8991a604eea55c7a95ea7
modus           main    e7146f5a164eb6df0bb0eed09d84c8c687994578
natrium         master  1c8ee13274885f05f37c2717610a75425fd1781d
operandi        main    14bf1fbf82bc3412d74c0182ad68bf242d0686b0
pagetree        master  89d19e19f0b08dd58e5ac1cefff337f1ae9ab520
pigment         master  f86a838b4829c0ecb052729ff0dd03615c7bd0bc
reed            master  32e1c5ea0896c4e62ab86d28652797e3ad87aa86
reel            master  0d8549c311389ae4c5f282373c4a30db6799c613
scribe          master  f68299a132744f25f0c9eb49eab9293b3aa72a4f
seal            master  91a7610f07f9880ff823b9d5b245482b68f481d6
secp256k1-fast  master  25597b6aeab93abfa43be4aad5566b9a43b14030
shuttle         master  367236156e109647760422babb63d42374d527ac
skep            main    42221c1b805b8f451227c4e65fdfd92f84ff40c9
spool           master  2da2fd78303c50ff6f175177b75a3480741d5fa6
stave           master  b13cb327ea88829bd4b83e0cda2872eb66565d2f
stencil         master  0a7da387844c889d3a1319037c29a68777685e49
warp            master  efe7089002a20d50ce980ae4768176f748661321
warren          master  be8a0251809fe75301cdfad9cebdd8adf395790c
webp-pure       master  bf1d898c945c48348b742ecd350e1513ab919173
webrtc-data     main    bc305e6f93a66255d1946d4ab2eca5934654fabb
webrtc-media    master  f7247562fbe05714116f2ed1576d06863a1269fb
weft            master  e4bb1d70bb566dd3a3eb2e7d9a307128c9a863e2
zstd-pure       master  ebbd28eab4401caf3ad6fba34d5d5353602cc8ff
