# repos.lock — every modus-lisp repo pinned to an exact commit.
#
# Regenerate with:  bin/kiln lock
# Format: <repo>  <branch>  <commit>

brotli-pure     master  e7ba1fc305ca2b735dddfeecd02b7ad6de79de1b
cabinet         master  00d6fa796f9fba8f53eeef6acc812481b1c1932f
cairn           master  567bc024dd88626e8a426adc78ef09c2df92009a
chord           master  1559fa3d3e20bb6f2a44f742866d593d0dbc061f
cl-consensus    master  37611d5b5b61d8101f055d6fe68b51f9c086f8d1
cl-frpc         main    05b6b39d168df99705149e67f7d3db00c2dbf9db
cl-nostr        master  e691972c6d4bb1102c0d4e7d38e3127238dbb3ba
cl-tor          master  6b681c73f6de41181b6824d1cdda81dfc18c8561
cl-transport    master  80eaf6fd2807b124b50f019013856953b14e86ef
conch           master  55f146dedce7dbfae2942b1caae3e98381ba45bd
cram            master  5f6f00adaf8112e59fbe5d59ac16ccaa74347b45
dist            main    91df9cd1ca24b5caad4591eddd6121603f1bcd2e
folio           master  863aedfb4c00b15fc4e713cf9dc0ef90e3cac5c5
gesso           master  3d085eb2ec7c9c6569f0449d09ca89cafc457b4f
glass           master  f8be1fbab2421462202ec8cccd1102301643b2bd
loom            master  4f637b27151274a90f9c35f420a01d4108b64d80
mill            master  e7bb175386f7718405a4c42a464c1d443934eea1
modus           main    501f2ee2069e98210627e53ce487f23eabca9032
natrium         master  974ce77bd10d58f5c9ae45ac036fb8bff2812133
operandi        main    491471b568c8b4a1e78f8807bd33f4703df88c53
pagetree        master  89d19e19f0b08dd58e5ac1cefff337f1ae9ab520
pigment         master  abcd72f4e9528b3e5942d21df6dfb75123fe463e
reed            master  3e084b9fca07872c1c380cc8b83869765a82134c
scribe          master  f68299a132744f25f0c9eb49eab9293b3aa72a4f
seal            master  ca6bd1ef8ebb55871f9ecc6c23ff517555866f4d
secp256k1-fast  master  7b4b718e733b2d3ccc0ed2a4aa7cd32416fd9abb
shuttle         master  020eb99bd217646a47cfb055245accb569b1e330
skep            main    d6838b4cf6328d0de0e9b81382ff5d9a60a38cb1
spool           master  482e7618ab718e7528fb7f3aa5c3cb8477e67f11
stave           master  efcb84a1baeea785511246e9bee0dfcdc5e15db5
stencil         master  6c72dbf937a7a1de52080dc322d504a47d35931b
warp            master  c4a272f049b665db1f3b885561c28837e683485f
warren          master  d8986c59f1afa08b85a5cb6c53686408131eb5c7
webp-pure       master  0b9bd904859b98bff3c9356a40757d3253fdc36f
webrtc-data     main    ce07572c8b740ff73139b7c41e90e373168fa0bd
webrtc-media    master  df0f3e2b218f9d19b3a0d4e210d0ec7b37d08d45
weft            master  5b9e222979a9bf7375812835cc9db8f304404f56
zstd-pure       master  b49ca668263f66da96f5afe784f6a3f6e9fb8c4e
